
Microsoft Visual Studio Solution File, Format Version 12.00
# Visual Studio Version 17
VisualStudioVersion = 17.7.34221.43
MinimumVisualStudioVersion = 10.0.40219.1
Project("{9A19103F-16F7-4668-BE54-9A1E7A4F7556}") = "DraftSaver", "DraftSaver\DraftSaver.csproj", "{0E6F9238-3BC1-4BAF-918D-1C3FCC374DFC}"
EndProject
Global
	GlobalSection(SolutionConfigurationPlatforms) = preSolution
		Debug|Any CPU = Debug|Any CPU
		Debug|x64 = Debug|x64
		Release|Any CPU = Release|Any CPU
		Release|x64 = Release|x64
		Test|Any CPU = Test|Any CPU
		Test|x64 = Test|x64
	EndGlobalSection
	GlobalSection(ProjectConfigurationPlatforms) = postSolution
		{0E6F9238-3BC1-4BAF-918D-1C3FCC374DFC}.Debug|Any CPU.ActiveCfg = Debug|Any CPU
		{0E6F9238-3BC1-4BAF-918D-1C3FCC374DFC}.Debug|Any CPU.Build.0 = Debug|Any CPU
		{0E6F9238-3BC1-4BAF-918D-1C3FCC374DFC}.Debug|x64.ActiveCfg = Debug|x64
		{0E6F9238-3BC1-4BAF-918D-1C3FCC374DFC}.Debug|x64.Build.0 = Debug|x64
		{0E6F9238-3BC1-4BAF-918D-1C3FCC374DFC}.Release|Any CPU.ActiveCfg = Release|Any CPU
		{0E6F9238-3BC1-4BAF-918D-1C3FCC374DFC}.Release|Any CPU.Build.0 = Release|Any CPU
		{0E6F9238-3BC1-4BAF-918D-1C3FCC374DFC}.Release|x64.ActiveCfg = Release|x64
		{0E6F9238-3BC1-4BAF-918D-1C3FCC374DFC}.Release|x64.Build.0 = Release|x64
		{0E6F9238-3BC1-4BAF-918D-1C3FCC374DFC}.Test|Any CPU.ActiveCfg = Test|Any CPU
		{0E6F9238-3BC1-4BAF-918D-1C3FCC374DFC}.Test|Any CPU.Build.0 = Test|Any CPU
		{0E6F9238-3BC1-4BAF-918D-1C3FCC374DFC}.Test|x64.ActiveCfg = Test|x64
		{0E6F9238-3BC1-4BAF-918D-1C3FCC374DFC}.Test|x64.Build.0 = Test|x64
	EndGlobalSection
	GlobalSection(SolutionProperties) = preSolution
		HideSolutionNode = FALSE
	EndGlobalSection
	GlobalSection(ExtensibilityGlobals) = postSolution
		SolutionGuid = {74DEA4D5-8268-4850-B87D-609AB526CAA6}
	EndGlobalSection
EndGlobal
